
Microsoft Visual Studio Solution File, Format Version 12.00
# Visual Studio 15
VisualStudioVersion = 15.0.27428.1
MinimumVisualStudioVersion = 10.0.40219.1
Project("{FAE04EC0-301F-11D3-BF4B-00C04F79EFBC}") = "CorsEg", "CorsEg\CorsEg.csproj", "{BF7D1EE7-D798-45C9-BA72-6031A58C2F44}"
EndProject
Project("{FAE04EC0-301F-11D3-BF4B-00C04F79EFBC}") = "CorsEg.Tests", "CorsEg.Tests\CorsEg.Tests.csproj", "{B62489A0-76C0-4B6A-AEA1-2157B59CC4CF}"
EndProject
Global
	GlobalSection(SolutionConfigurationPlatforms) = preSolution
		Debug|Any CPU = Debug|Any CPU
		Release|Any CPU = Release|Any CPU
	EndGlobalSection
	GlobalSection(ProjectConfigurationPlatforms) = postSolution
		{BF7D1EE7-D798-45C9-BA72-6031A58C2F44}.Debug|Any CPU.ActiveCfg = Debug|Any CPU
		{BF7D1EE7-D798-45C9-BA72-6031A58C2F44}.Debug|Any CPU.Build.0 = Debug|Any CPU
		{BF7D1EE7-D798-45C9-BA72-6031A58C2F44}.Release|Any CPU.ActiveCfg = Release|Any CPU
		{BF7D1EE7-D798-45C9-BA72-6031A58C2F44}.Release|Any CPU.Build.0 = Release|Any CPU
		{B62489A0-76C0-4B6A-AEA1-2157B59CC4CF}.Debug|Any CPU.ActiveCfg = Debug|Any CPU
		{B62489A0-76C0-4B6A-AEA1-2157B59CC4CF}.Debug|Any CPU.Build.0 = Debug|Any CPU
		{B62489A0-76C0-4B6A-AEA1-2157B59CC4CF}.Release|Any CPU.ActiveCfg = Release|Any CPU
		{B62489A0-76C0-4B6A-AEA1-2157B59CC4CF}.Release|Any CPU.Build.0 = Release|Any CPU
	EndGlobalSection
	GlobalSection(SolutionProperties) = preSolution
		HideSolutionNode = FALSE
	EndGlobalSection
	GlobalSection(ExtensibilityGlobals) = postSolution
		SolutionGuid = {6ACD1293-6C0C-40CD-8F96-CFA9B818590E}
	EndGlobalSection
EndGlobal
